PODS:
  - SDWebImage (5.0.0-beta4):
    - SDWebImage/Core (= 5.0.0-beta4)
  - SDWebImage/Core (5.0.0-beta4)

DEPENDENCIES:
  - SDWebImage (~> 5.0.0-beta4)

SPEC REPOS:
  https://github.com/cocoapods/specs.git:
    - SDWebImage

SPEC CHECKSUMS:
  SDWebImage: 56bfe1114b11f1d5766d6d0e3b3456cfd7e1e8b7

PODFILE CHECKSUM: a2e2eac97696727fef37cb8c57bc52454d9dd594

COCOAPODS: 1.5.3
